// !$*UTF8*$!
{
	archiveVersion = 1;
	classes = {
	};
	objectVersion = 50;
	objects = {

/* Begin PBXBuildFile section */
		AC5D48CA24220DC600A91694 /* AppDelegate.swift in Sources */ = {isa = PBXBuildFile; fileRef = AC5D48C924220DC600A91694 /* AppDelegate.swift */; };
		AC5D48CC24220DC600A91694 /* ViewController.swift in Sources */ = {isa = PBXBuildFile; fileRef = AC5D48CB24220DC600A91694 /* ViewController.swift */; };
		AC5D48CF24220DC600A91694 /* Main.storyboard in Resources */ = {isa = PBXBuildFile; fileRef = AC5D48CD24220DC600A91694 /* Main.storyboard */; };
		AC5D48D124220DC900A91694 /* Assets.xcassets in Resources */ = {isa = PBXBuildFile; fileRef = AC5D48D024220DC900A91694 /* Assets.xcassets */; };
		AC5D48D424220DC900A91694 /* LaunchScreen.storyboard in Resources */ = {isa = PBXBuildFile; fileRef = AC5D48D224220DC900A91694 /* LaunchScreen.storyboard */; };
		ACA1332C242F9A6D00965DFB /* crm.ttf in Resources */ = {isa = PBXBuildFile; fileRef = ACA1332B242F9A6D00965DFB /* crm.ttf */; };
		ACA1332D242F9A6D00965DFB /* crm.ttf in Resources */ = {isa = PBXBuildFile; fileRef = ACA1332B242F9A6D00965DFB /* crm.ttf */; };
		ACD488DC24222FA000F425E4 /* NotificationCenter.framework in Frameworks */ = {isa = PBXBuildFile; fileRef = AC5D48E124220E6800A91694 /* NotificationCenter.framework */; };
		ACD488DF24222FA000F425E4 /* TodayViewController.swift in Sources */ = {isa = PBXBuildFile; fileRef = ACD488DE24222FA000F425E4 /* TodayViewController.swift */; };
		ACD488E224222FA000F425E4 /* MainInterface.storyboard in Resources */ = {isa = PBXBuildFile; fileRef = ACD488E024222FA000F425E4 /* MainInterface.storyboard */; };
		ACD488E624222FA000F425E4 /* Activity Tracker.appex in Embed App Extensions */ = {isa = PBXBuildFile; fileRef = ACD488DB24222FA000F425E4 /* Activity Tracker.appex */; settings = {ATTRIBUTES = (RemoveHeadersOnCopy, ); }; };
/* End PBXBuildFile section */

/* Begin PBXContainerItemProxy section */
		ACD488E424222FA000F425E4 /* PBXContainerItemProxy */ = {
			isa = PBXContainerItemProxy;
			containerPortal = AC5D48BE24220DC600A91694 /* Project object */;
			proxyType = 1;
			remoteGlobalIDString = ACD488DA24222FA000F425E4;
			remoteInfo = "Activity Tracker";
		};
/* End PBXContainerItemProxy section */

/* Begin PBXCopyFilesBuildPhase section */
		AC5D48F024220E6800A91694 /* Embed App Extensions */ = {
			isa = PBXCopyFilesBuildPhase;
			buildActionMask = 2147483647;
			dstPath = "";
			dstSubfolderSpec = 13;
			files = (
				ACD488E624222FA000F425E4 /* Activity Tracker.appex in Embed App Extensions */,
			);
			name = "Embed App Extensions";
			runOnlyForDeploymentPostprocessing = 0;
		};
/* End PBXCopyFilesBuildPhase section */

/* Begin PBXFileReference section */
		AC5D48C624220DC600A91694 /* TodayExtension.app */ = {isa = PBXFileReference; explicitFileType = wrapper.application; includeInIndex = 0; path = TodayExtension.app; sourceTree = BUILT_PRODUCTS_DIR; };
		AC5D48C924220DC600A91694 /* AppDelegate.swift */ = {isa = PBXFileReference; lastKnownFileType = sourcecode.swift; path = AppDelegate.swift; sourceTree = "<group>"; };
		AC5D48CB24220DC600A91694 /* ViewController.swift */ = {isa = PBXFileReference; lastKnownFileType = sourcecode.swift; path = ViewController.swift; sourceTree = "<group>"; };
		AC5D48CE24220DC600A91694 /* Base */ = {isa = PBXFileReference; lastKnownFileType = file.storyboard; name = Base; path = Base.lproj/Main.storyboard; sourceTree = "<group>"; };
		AC5D48D024220DC900A91694 /* Assets.xcassets */ = {isa = PBXFileReference; lastKnownFileType = folder.assetcatalog; path = Assets.xcassets; sourceTree = "<group>"; };
		AC5D48D324220DC900A91694 /* Base */ = {isa = PBXFileReference; lastKnownFileType = file.storyboard; name = Base; path = Base.lproj/LaunchScreen.storyboard; sourceTree = "<group>"; };
		AC5D48D524220DC900A91694 /* Info.plist */ = {isa = PBXFileReference; lastKnownFileType = text.plist.xml; path = Info.plist; sourceTree = "<group>"; };
		AC5D48E124220E6800A91694 /* NotificationCenter.framework */ = {isa = PBXFileReference; lastKnownFileType = wrapper.framework; name = NotificationCenter.framework; path = System/Library/Frameworks/NotificationCenter.framework; sourceTree = SDKROOT; };
		ACA1332B242F9A6D00965DFB /* crm.ttf */ = {isa = PBXFileReference; lastKnownFileType = file; path = crm.ttf; sourceTree = "<group>"; };
		ACD488DB24222FA000F425E4 /* Activity Tracker.appex */ = {isa = PBXFileReference; explicitFileType = "wrapper.app-extension"; includeInIndex = 0; path = "Activity Tracker.appex"; sourceTree = BUILT_PRODUCTS_DIR; };
		ACD488DE24222FA000F425E4 /* TodayViewController.swift */ = {isa = PBXFileReference; lastKnownFileType = sourcecode.swift; path = TodayViewController.swift; sourceTree = "<group>"; };
		ACD488E124222FA000F425E4 /* Base */ = {isa = PBXFileReference; lastKnownFileType = file.storyboard; name = Base; path = Base.lproj/MainInterface.storyboard; sourceTree = "<group>"; };
		ACD488E324222FA000F425E4 /* Info.plist */ = {isa = PBXFileReference; lastKnownFileType = text.plist.xml; path = Info.plist; sourceTree = "<group>"; };
/* End PBXFileReference section */

/* Begin PBXFrameworksBuildPhase section */
		AC5D48C324220DC600A91694 /* Frameworks */ = {
			isa = PBXFrameworksBuildPhase;
			buildActionMask = 2147483647;
			files = (
			);
			runOnlyForDeploymentPostprocessing = 0;
		};
		ACD488D824222FA000F425E4 /* Frameworks */ = {
			isa = PBXFrameworksBuildPhase;
			buildActionMask = 2147483647;
			files = (
				ACD488DC24222FA000F425E4 /* NotificationCenter.framework in Frameworks */,
			);
			runOnlyForDeploymentPostprocessing = 0;
		};
/* End PBXFrameworksBuildPhase section */

/* Begin PBXGroup section */
		AC5D48BD24220DC600A91694 = {
			isa = PBXGroup;
			children = (
				AC5D48C824220DC600A91694 /* TodayExtension */,
				ACD488DD24222FA000F425E4 /* Activity Tracker */,
				AC5D48E024220E6800A91694 /* Frameworks */,
				AC5D48C724220DC600A91694 /* Products */,
			);
			sourceTree = "<group>";
		};
		AC5D48C724220DC600A91694 /* Products */ = {
			isa = PBXGroup;
			children = (
				AC5D48C624220DC600A91694 /* TodayExtension.app */,
				ACD488DB24222FA000F425E4 /* Activity Tracker.appex */,
			);
			name = Products;
			sourceTree = "<group>";
		};
		AC5D48C824220DC600A91694 /* TodayExtension */ = {
			isa = PBXGroup;
			children = (
				AC5D48C924220DC600A91694 /* AppDelegate.swift */,
				AC5D48CB24220DC600A91694 /* ViewController.swift */,
				AC5D48CD24220DC600A91694 /* Main.storyboard */,
				AC5D48D024220DC900A91694 /* Assets.xcassets */,
				AC5D48D224220DC900A91694 /* LaunchScreen.storyboard */,
				AC5D48D524220DC900A91694 /* Info.plist */,
				ACA1332B242F9A6D00965DFB /* crm.ttf */,
			);
			path = TodayExtension;
			sourceTree = "<group>";
		};
		AC5D48E024220E6800A91694 /* Frameworks */ = {
			isa = PBXGroup;
			children = (
				AC5D48E124220E6800A91694 /* NotificationCenter.framework */,
			);
			name = Frameworks;
			sourceTree = "<group>";
		};
		ACD488DD24222FA000F425E4 /* Activity Tracker */ = {
			isa = PBXGroup;
			children = (
				ACD488DE24222FA000F425E4 /* TodayViewController.swift */,
				ACD488E024222FA000F425E4 /* MainInterface.storyboard */,
				ACD488E324222FA000F425E4 /* Info.plist */,
			);
			path = "Activity Tracker";
			sourceTree = "<group>";
		};
/* End PBXGroup section */

/* Begin PBXNativeTarget section */
		AC5D48C524220DC600A91694 /* TodayExtension */ = {
			isa = PBXNativeTarget;
			buildConfigurationList = AC5D48D824220DC900A91694 /* Build configuration list for PBXNativeTarget "TodayExtension" */;
			buildPhases = (
				AC5D48C224220DC600A91694 /* Sources */,
				AC5D48C324220DC600A91694 /* Frameworks */,
				AC5D48C424220DC600A91694 /* Resources */,
				AC5D48F024220E6800A91694 /* Embed App Extensions */,
			);
			buildRules = (
			);
			dependencies = (
				ACD488E524222FA000F425E4 /* PBXTargetDependency */,
			);
			name = TodayExtension;
			productName = TodayExtension;
			productReference = AC5D48C624220DC600A91694 /* TodayExtension.app */;
			productType = "com.apple.product-type.application";
		};
		ACD488DA24222FA000F425E4 /* Activity Tracker */ = {
			isa = PBXNativeTarget;
			buildConfigurationList = ACD488E724222FA000F425E4 /* Build configuration list for PBXNativeTarget "Activity Tracker" */;
			buildPhases = (
				ACD488D724222FA000F425E4 /* Sources */,
				ACD488D824222FA000F425E4 /* Frameworks */,
				ACD488D924222FA000F425E4 /* Resources */,
			);
			buildRules = (
			);
			dependencies = (
			);
			name = "Activity Tracker";
			productName = "Activity Tracker";
			productReference = ACD488DB24222FA000F425E4 /* Activity Tracker.appex */;
			productType = "com.apple.product-type.app-extension";
		};
/* End PBXNativeTarget section */

/* Begin PBXProject section */
		AC5D48BE24220DC600A91694 /* Project object */ = {
			isa = PBXProject;
			attributes = {
				LastSwiftUpdateCheck = 1120;
				LastUpgradeCheck = 1020;
				ORGANIZATIONNAME = focussoftnet;
				TargetAttributes = {
					AC5D48C524220DC600A91694 = {
						CreatedOnToolsVersion = 10.2.1;
					};
					ACD488DA24222FA000F425E4 = {
						CreatedOnToolsVersion = 11.2.1;
					};
				};
			};
			buildConfigurationList = AC5D48C124220DC600A91694 /* Build configuration list for PBXProject "TodayExtension" */;
			compatibilityVersion = "Xcode 9.3";
			developmentRegion = en;
			hasScannedForEncodings = 0;
			knownRegions = (
				en,
				Base,
			);
			mainGroup = AC5D48BD24220DC600A91694;
			productRefGroup = AC5D48C724220DC600A91694 /* Products */;
			projectDirPath = "";
			projectRoot = "";
			targets = (
				AC5D48C524220DC600A91694 /* TodayExtension */,
				ACD488DA24222FA000F425E4 /* Activity Tracker */,
			);
		};
/* End PBXProject section */

/* Begin PBXResourcesBuildPhase section */
		AC5D48C424220DC600A91694 /* Resources */ = {
			isa = PBXResourcesBuildPhase;
			buildActionMask = 2147483647;
			files = (
				AC5D48D424220DC900A91694 /* LaunchScreen.storyboard in Resources */,
				ACA1332C242F9A6D00965DFB /* crm.ttf in Resources */,
				AC5D48D124220DC900A91694 /* Assets.xcassets in Resources */,
				AC5D48CF24220DC600A91694 /* Main.storyboard in Resources */,
			);
			runOnlyForDeploymentPostprocessing = 0;
		};
		ACD488D924222FA000F425E4 /* Resources */ = {
			isa = PBXResourcesBuildPhase;
			buildActionMask = 2147483647;
			files = (
				ACD488E224222FA000F425E4 /* MainInterface.storyboard in Resources */,
				ACA1332D242F9A6D00965DFB /* crm.ttf in Resources */,
			);
			runOnlyForDeploymentPostprocessing = 0;
		};
/* End PBXResourcesBuildPhase section */

/* Begin PBXSourcesBuildPhase section */
		AC5D48C224220DC600A91694 /* Sources */ = {
			isa = PBXSourcesBuildPhase;
			buildActionMask = 2147483647;
			files = (
				AC5D48CC24220DC600A91694 /* ViewController.swift in Sources */,
				AC5D48CA24220DC600A91694 /* AppDelegate.swift in Sources */,
			);
			runOnlyForDeploymentPostprocessing = 0;
		};
		ACD488D724222FA000F425E4 /* Sources */ = {
			isa = PBXSourcesBuildPhase;
			buildActionMask = 2147483647;
			files = (
				ACD488DF24222FA000F425E4 /* TodayViewController.swift in Sources */,
			);
			runOnlyForDeploymentPostprocessing = 0;
		};
/* End PBXSourcesBuildPhase section */

/* Begin PBXTargetDependency section */
		ACD488E524222FA000F425E4 /* PBXTargetDependency */ = {
			isa = PBXTargetDependency;
			target = ACD488DA24222FA000F425E4 /* Activity Tracker */;
			targetProxy = ACD488E424222FA000F425E4 /* PBXContainerItemProxy */;
		};
/* End PBXTargetDependency section */

/* Begin PBXVariantGroup section */
		AC5D48CD24220DC600A91694 /* Main.storyboard */ = {
			isa = PBXVariantGroup;
			children = (
				AC5D48CE24220DC600A91694 /* Base */,
			);
			name = Main.storyboard;
			sourceTree = "<group>";
		};
		AC5D48D224220DC900A91694 /* LaunchScreen.storyboard */ = {
			isa = PBXVariantGroup;
			children = (
				AC5D48D324220DC900A91694 /* Base */,
			);
			name = LaunchScreen.storyboard;
			sourceTree = "<group>";
		};
		ACD488E024222FA000F425E4 /* MainInterface.storyboard */ = {
			isa = PBXVariantGroup;
			children = (
				ACD488E124222FA000F425E4 /* Base */,
			);
			name = MainInterface.storyboard;
			sourceTree = "<group>";
		};
/* End PBXVariantGroup section */

/* Begin XCBuildConfiguration section */
		AC5D48D624220DC900A91694 /* Debug */ = {
			isa = XCBuildConfiguration;
			buildSettings = {
				ALWAYS_SEARCH_USER_PATHS = NO;
				CLANG_ANALYZER_NONNULL = YES;
				CLANG_ANALYZER_NUMBER_OBJECT_CONVERSION = YES_AGGRESSIVE;
				CLANG_CXX_LANGUAGE_STANDARD = "gnu++14";
				CLANG_CXX_LIBRARY = "libc++";
				CLANG_ENABLE_MODULES = YES;
				CLANG_ENABLE_OBJC_ARC = YES;
				CLANG_ENABLE_OBJC_WEAK = YES;
				CLANG_WARN_BLOCK_CAPTURE_AUTORELEASING = YES;
				CLANG_WARN_BOOL_CONVERSION = YES;
				CLANG_WARN_COMMA = YES;
				CLANG_WARN_CONSTANT_CONVERSION = YES;
				CLANG_WARN_DEPRECATED_OBJC_IMPLEMENTATIONS = YES;
				CLANG_WARN_DIRECT_OBJC_ISA_USAGE = YES_ERROR;
				CLANG_WARN_DOCUMENTATION_COMMENTS = YES;
				CLANG_WARN_EMPTY_BODY = YES;
				CLANG_WARN_ENUM_CONVERSION = YES;
				CLANG_WARN_INFINITE_RECURSION = YES;
				CLANG_WARN_INT_CONVERSION = YES;
				CLANG_WARN_NON_LITERAL_NULL_CONVERSION = YES;
				CLANG_WARN_OBJC_IMPLICIT_RETAIN_SELF = YES;
				CLANG_WARN_OBJC_LITERAL_CONVERSION = YES;
				CLANG_WARN_OBJC_ROOT_CLASS = YES_ERROR;
				CLANG_WARN_RANGE_LOOP_ANALYSIS = YES;
				CLANG_WARN_STRICT_PROTOTYPES = YES;
				CLANG_WARN_SUSPICIOUS_MOVE = YES;
				CLANG_WARN_UNGUARDED_AVAILABILITY = YES_AGGRESSIVE;
				CLANG_WARN_UNREACHABLE_CODE = YES;
				CLANG_WARN__DUPLICATE_METHOD_MATCH = YES;
				CODE_SIGN_IDENTITY = "iPhone Developer";
				COPY_PHASE_STRIP = NO;
				DEBUG_INFORMATION_FORMAT = dwarf;
				ENABLE_STRICT_OBJC_MSGSEND = YES;
				ENABLE_TESTABILITY = YES;
				GCC_C_LANGUAGE_STANDARD = gnu11;
				GCC_DYNAMIC_NO_PIC = NO;
				GCC_NO_COMMON_BLOCKS = YES;
				GCC_OPTIMIZATION_LEVEL = 0;
				GCC_PREPROCESSOR_DEFINITIONS = (
					"DEBUG=1",
					"$(inherited)",
				);
				GCC_WARN_64_TO_32_BIT_CONVERSION = YES;
				GCC_WARN_ABOUT_RETURN_TYPE = YES_ERROR;
				GCC_WARN_UNDECLARED_SELECTOR = YES;
				GCC_WARN_UNINITIALIZED_AUTOS = YES_AGGRESSIVE;
				GCC_WARN_UNUSED_FUNCTION = YES;
				GCC_WARN_UNUSED_VARIABLE = YES;
				IPHONEOS_DEPLOYMENT_TARGET = 12.2;
				MTL_ENABLE_DEBUG_INFO = INCLUDE_SOURCE;
				MTL_FAST_MATH = YES;
				ONLY_ACTIVE_ARCH = YES;
				SDKROOT = iphoneos;
				SWIFT_ACTIVE_COMPILATION_CONDITIONS = DEBUG;
				SWIFT_OPTIMIZATION_LEVEL = "-Onone";
			};
			name = Debug;
		};
		AC5D48D724220DC900A91694 /* Release */ = {
			isa = XCBuildConfiguration;
			buildSettings = {
				ALWAYS_SEARCH_USER_PATHS = NO;
				CLANG_ANALYZER_NONNULL = YES;
				CLANG_ANALYZER_NUMBER_OBJECT_CONVERSION = YES_AGGRESSIVE;
				CLANG_CXX_LANGUAGE_STANDARD = "gnu++14";
				CLANG_CXX_LIBRARY = "libc++";
				CLANG_ENABLE_MODULES = YES;
				CLANG_ENABLE_OBJC_ARC = YES;
				CLANG_ENABLE_OBJC_WEAK = YES;
				CLANG_WARN_BLOCK_CAPTURE_AUTORELEASING = YES;
				CLANG_WARN_BOOL_CONVERSION = YES;
				CLANG_WARN_COMMA = YES;
				CLANG_WARN_CONSTANT_CONVERSION = YES;
				CLANG_WARN_DEPRECATED_OBJC_IMPLEMENTATIONS = YES;
				CLANG_WARN_DIRECT_OBJC_ISA_USAGE = YES_ERROR;
				CLANG_WARN_DOCUMENTATION_COMMENTS = YES;
				CLANG_WARN_EMPTY_BODY = YES;
				CLANG_WARN_ENUM_CONVERSION = YES;
				CLANG_WARN_INFINITE_RECURSION = YES;
				CLANG_WARN_INT_CONVERSION = YES;
				CLANG_WARN_NON_LITERAL_NULL_CONVERSION = YES;
				CLANG_WARN_OBJC_IMPLICIT_RETAIN_SELF = YES;
				CLANG_WARN_OBJC_LITERAL_CONVERSION = YES;
				CLANG_WARN_OBJC_ROOT_CLASS = YES_ERROR;
				CLANG_WARN_RANGE_LOOP_ANALYSIS = YES;
				CLANG_WARN_STRICT_PROTOTYPES = YES;
				CLANG_WARN_SUSPICIOUS_MOVE = YES;
				CLANG_WARN_UNGUARDED_AVAILABILITY = YES_AGGRESSIVE;
				CLANG_WARN_UNREACHABLE_CODE = YES;
				CLANG_WARN__DUPLICATE_METHOD_MATCH = YES;
				CODE_SIGN_IDENTITY = "iPhone Developer";
				COPY_PHASE_STRIP = NO;
				DEBUG_INFORMATION_FORMAT = "dwarf-with-dsym";
				ENABLE_NS_ASSERTIONS = NO;
				ENABLE_STRICT_OBJC_MSGSEND = YES;
				GCC_C_LANGUAGE_STANDARD = gnu11;
				GCC_NO_COMMON_BLOCKS = YES;
				GCC_WARN_64_TO_32_BIT_CONVERSION = YES;
				GCC_WARN_ABOUT_RETURN_TYPE = YES_ERROR;
				GCC_WARN_UNDECLARED_SELECTOR = YES;
				GCC_WARN_UNINITIALIZED_AUTOS = YES_AGGRESSIVE;
				GCC_WARN_UNUSED_FUNCTION = YES;
				GCC_WARN_UNUSED_VARIABLE = YES;
				IPHONEOS_DEPLOYMENT_TARGET = 12.2;
				MTL_ENABLE_DEBUG_INFO = NO;
				MTL_FAST_MATH = YES;
				SDKROOT = iphoneos;
				SWIFT_COMPILATION_MODE = wholemodule;
				SWIFT_OPTIMIZATION_LEVEL = "-O";
				VALIDATE_PRODUCT = YES;
			};
			name = Release;
		};
		AC5D48D924220DC900A91694 /* Debug */ = {
			isa = XCBuildConfiguration;
			buildSettings = {
				ALWAYS_EMBED_SWIFT_STANDARD_LIBRARIES = YES;
				ASSETCATALOG_COMPILER_APPICON_NAME = AppIcon;
				CODE_SIGN_STYLE = Automatic;
				DEVELOPMENT_TEAM = PF5TQ3AQ6W;
				INFOPLIST_FILE = TodayExtension/Info.plist;
				IPHONEOS_DEPLOYMENT_TARGET = 9.3;
				LD_RUNPATH_SEARCH_PATHS = (
					"$(inherited)",
					"@executable_path/Frameworks",
				);
				PRODUCT_BUNDLE_IDENTIFIER = com.focussoftnet.TodayExtension;
				PRODUCT_NAME = "$(TARGET_NAME)";
				SWIFT_VERSION = 5.0;
				TARGETED_DEVICE_FAMILY = "1,2";
			};
			name = Debug;
		};
		AC5D48DA24220DC900A91694 /* Release */ = {
			isa = XCBuildConfiguration;
			buildSettings = {
				ALWAYS_EMBED_SWIFT_STANDARD_LIBRARIES = YES;
				ASSETCATALOG_COMPILER_APPICON_NAME = AppIcon;
				CODE_SIGN_STYLE = Automatic;
				DEVELOPMENT_TEAM = PF5TQ3AQ6W;
				INFOPLIST_FILE = TodayExtension/Info.plist;
				IPHONEOS_DEPLOYMENT_TARGET = 9.3;
				LD_RUNPATH_SEARCH_PATHS = (
					"$(inherited)",
					"@executable_path/Frameworks",
				);
				PRODUCT_BUNDLE_IDENTIFIER = com.focussoftnet.TodayExtension;
				PRODUCT_NAME = "$(TARGET_NAME)";
				SWIFT_VERSION = 5.0;
				TARGETED_DEVICE_FAMILY = "1,2";
			};
			name = Release;
		};
		ACD488E824222FA000F425E4 /* Debug */ = {
			isa = XCBuildConfiguration;
			buildSettings = {
				CODE_SIGN_STYLE = Automatic;
				DEVELOPMENT_TEAM = PF5TQ3AQ6W;
				INFOPLIST_FILE = "Activity Tracker/Info.plist";
				IPHONEOS_DEPLOYMENT_TARGET = 9.3;
				LD_RUNPATH_SEARCH_PATHS = (
					"$(inherited)",
					"@executable_path/Frameworks",
					"@executable_path/../../Frameworks",
				);
				PRODUCT_BUNDLE_IDENTIFIER = "com.focussoftnet.TodayExtension.Activity-Tracker";
				PRODUCT_NAME = "$(TARGET_NAME)";
				SKIP_INSTALL = YES;
				SWIFT_VERSION = 5.0;
				TARGETED_DEVICE_FAMILY = "1,2";
			};
			name = Debug;
		};
		ACD488E924222FA000F425E4 /* Release */ = {
			isa = XCBuildConfiguration;
			buildSettings = {
				CODE_SIGN_STYLE = Automatic;
				DEVELOPMENT_TEAM = PF5TQ3AQ6W;
				INFOPLIST_FILE = "Activity Tracker/Info.plist";
				IPHONEOS_DEPLOYMENT_TARGET = 9.3;
				LD_RUNPATH_SEARCH_PATHS = (
					"$(inherited)",
					"@executable_path/Frameworks",
					"@executable_path/../../Frameworks",
				);
				PRODUCT_BUNDLE_IDENTIFIER = "com.focussoftnet.TodayExtension.Activity-Tracker";
				PRODUCT_NAME = "$(TARGET_NAME)";
				SKIP_INSTALL = YES;
				SWIFT_VERSION = 5.0;
				TARGETED_DEVICE_FAMILY = "1,2";
			};
			name = Release;
		};
/* End XCBuildConfiguration section */

/* Begin XCConfigurationList section */
		AC5D48C124220DC600A91694 /* Build configuration list for PBXProject "TodayExtension" */ = {
			isa = XCConfigurationList;
			buildConfigurations = (
				AC5D48D624220DC900A91694 /* Debug */,
				AC5D48D724220DC900A91694 /* Release */,
			);
			defaultConfigurationIsVisible = 0;
			defaultConfigurationName = Release;
		};
		AC5D48D824220DC900A91694 /* Build configuration list for PBXNativeTarget "TodayExtension" */ = {
			isa = XCConfigurationList;
			buildConfigurations = (
				AC5D48D924220DC900A91694 /* Debug */,
				AC5D48DA24220DC900A91694 /* Release */,
			);
			defaultConfigurationIsVisible = 0;
			defaultConfigurationName = Release;
		};
		ACD488E724222FA000F425E4 /* Build configuration list for PBXNativeTarget "Activity Tracker" */ = {
			isa = XCConfigurationList;
			buildConfigurations = (
				ACD488E824222FA000F425E4 /* Debug */,
				ACD488E924222FA000F425E4 /* Release */,
			);
			defaultConfigurationIsVisible = 0;
			defaultConfigurationName = Release;
		};
/* End XCConfigurationList section */
	};
	rootObject = AC5D48BE24220DC600A91694 /* Project object */;
}
